
Microsoft Visual Studio Solution File, Format Version 12.00
# Visual Studio Version 17
VisualStudioVersion = 17.7.34202.233
MinimumVisualStudioVersion = 10.0.40219.1
Project("{FAE04EC0-301F-11D3-BF4B-00C04F79EFBC}") = "Bagsik_Ng_Malayan_The_Game", "Bagsik_Ng_Malayan_The_Game.csproj", "{614FB982-A1A7-4A28-80FA-C56E090CFF8A}"
EndProject
Global
	GlobalSection(SolutionConfigurationPlatforms) = preSolution
		Debug|Any CPU = Debug|Any CPU
		Release|Any CPU = Release|Any CPU
	EndGlobalSection
	GlobalSection(ProjectConfigurationPlatforms) = postSolution
		{614FB982-A1A7-4A28-80FA-C56E090CFF8A}.Debug|Any CPU.ActiveCfg = Debug|Any CPU
		{614FB982-A1A7-4A28-80FA-C56E090CFF8A}.Debug|Any CPU.Build.0 = Debug|Any CPU
		{614FB982-A1A7-4A28-80FA-C56E090CFF8A}.Release|Any CPU.ActiveCfg = Release|Any CPU
		{614FB982-A1A7-4A28-80FA-C56E090CFF8A}.Release|Any CPU.Build.0 = Release|Any CPU
	EndGlobalSection
	GlobalSection(SolutionProperties) = preSolution
		HideSolutionNode = FALSE
	EndGlobalSection
	GlobalSection(ExtensibilityGlobals) = postSolution
		SolutionGuid = {C8D3BC89-46D1-4878-8E45-7D8A2309F412}
	EndGlobalSection
EndGlobal
